
Microsoft Visual Studio Solution File, Format Version 12.00
# Visual Studio Version 17
VisualStudioVersion = 17.7.34202.233
MinimumVisualStudioVersion = 10.0.40219.1
Project("{FAE04EC0-301F-11D3-BF4B-00C04F79EFBC}") = "OpenWeatherMapCard", "OpenWeatherMapCard\OpenWeatherMapCard.csproj", "{520EE066-1F9F-4813-B262-417C88305520}"
EndProject
Global
	GlobalSection(SolutionConfigurationPlatforms) = preSolution
		Debug|Any CPU = Debug|Any CPU
		Release|Any CPU = Release|Any CPU
	EndGlobalSection
	GlobalSection(ProjectConfigurationPlatforms) = postSolution
		{520EE066-1F9F-4813-B262-417C88305520}.Debug|Any CPU.ActiveCfg = Debug|Any CPU
		{520EE066-1F9F-4813-B262-417C88305520}.Debug|Any CPU.Build.0 = Debug|Any CPU
		{520EE066-1F9F-4813-B262-417C88305520}.Release|Any CPU.ActiveCfg = Release|Any CPU
		{520EE066-1F9F-4813-B262-417C88305520}.Release|Any CPU.Build.0 = Release|Any CPU
	EndGlobalSection
	GlobalSection(SolutionProperties) = preSolution
		HideSolutionNode = FALSE
	EndGlobalSection
	GlobalSection(ExtensibilityGlobals) = postSolution
		SolutionGuid = {5B5FBDFA-7CB7-48D6-A79C-FEA9E35657A2}
	EndGlobalSection
EndGlobal
